
Microsoft Visual Studio Solution File, Format Version 12.00
# Visual Studio Version 17
VisualStudioVersion = 17.14.36518.9 d17.14
MinimumVisualStudioVersion = 10.0.40219.1
Project("{FAE04EC0-301F-11D3-BF4B-00C04F79EFBC}") = "Mititean_Ionut-Daniel_Lab2", "Mititean_Ionut-Daniel_Lab2.csproj", "{67291DB1-D4E4-44FC-A7F8-2545469A8CBB}"
EndProject
Global
	GlobalSection(SolutionConfigurationPlatforms) = preSolution
		Debug|Any CPU = Debug|Any CPU
		Release|Any CPU = Release|Any CPU
	EndGlobalSection
	GlobalSection(ProjectConfigurationPlatforms) = postSolution
		{67291DB1-D4E4-44FC-A7F8-2545469A8CBB}.Debug|Any CPU.ActiveCfg = Debug|Any CPU
		{67291DB1-D4E4-44FC-A7F8-2545469A8CBB}.Debug|Any CPU.Build.0 = Debug|Any CPU
		{67291DB1-D4E4-44FC-A7F8-2545469A8CBB}.Release|Any CPU.ActiveCfg = Release|Any CPU
		{67291DB1-D4E4-44FC-A7F8-2545469A8CBB}.Release|Any CPU.Build.0 = Release|Any CPU
	EndGlobalSection
	GlobalSection(SolutionProperties) = preSolution
		HideSolutionNode = FALSE
	EndGlobalSection
	GlobalSection(ExtensibilityGlobals) = postSolution
		SolutionGuid = {F945A88C-56C6-4040-A070-0A5CC9E0C742}
	EndGlobalSection
EndGlobal
